
Microsoft Visual Studio Solution File, Format Version 12.00
# Visual Studio Version 17
VisualStudioVersion = 17.8.34330.188
MinimumVisualStudioVersion = 10.0.40219.1
Project("{9A19103F-16F7-4668-BE54-9A1E7A4F7556}") = "project", "project\project.csproj", "{209E7441-29D5-4194-B2FE-28C8AC218431}"
EndProject
Project("{9A19103F-16F7-4668-BE54-9A1E7A4F7556}") = "projectModels", "projectModels\projectModels.csproj", "{53F43466-E981-4177-8C27-244BCE4E6D56}"
EndProject
Project("{9A19103F-16F7-4668-BE54-9A1E7A4F7556}") = "MyContactManagerData", "MyContactManagerData\MyContactManagerData.csproj", "{3B569B76-0303-4C32-85FE-CEEC943E276F}"
EndProject
Project("{FAE04EC0-301F-11D3-BF4B-00C04F79EFBC}") = "MyContactManagerRepo", "MyContactManagerRepo\MyContactManagerRepo.csproj", "{E2A09ED0-A377-45A2-A0BA-9053F051F26B}"
EndProject
Project("{FAE04EC0-301F-11D3-BF4B-00C04F79EFBC}") = "MyContactsManagerServices", "MyContactsManagerServices\MyContactsManagerServices.csproj", "{1CB4AF16-DD48-4FEC-9F55-B44ED2B88D68}"
EndProject
Global
	GlobalSection(SolutionConfigurationPlatforms) = preSolution
		Debug|Any CPU = Debug|Any CPU
		Release|Any CPU = Release|Any CPU
	EndGlobalSection
	GlobalSection(ProjectConfigurationPlatforms) = postSolution
		{209E7441-29D5-4194-B2FE-28C8AC218431}.Debug|Any CPU.ActiveCfg = Debug|Any CPU
		{209E7441-29D5-4194-B2FE-28C8AC218431}.Debug|Any CPU.Build.0 = Debug|Any CPU
		{209E7441-29D5-4194-B2FE-28C8AC218431}.Release|Any CPU.ActiveCfg = Release|Any CPU
		{209E7441-29D5-4194-B2FE-28C8AC218431}.Release|Any CPU.Build.0 = Release|Any CPU
		{53F43466-E981-4177-8C27-244BCE4E6D56}.Debug|Any CPU.ActiveCfg = Debug|Any CPU
		{53F43466-E981-4177-8C27-244BCE4E6D56}.Debug|Any CPU.Build.0 = Debug|Any CPU
		{53F43466-E981-4177-8C27-244BCE4E6D56}.Release|Any CPU.ActiveCfg = Release|Any CPU
		{53F43466-E981-4177-8C27-244BCE4E6D56}.Release|Any CPU.Build.0 = Release|Any CPU
		{3B569B76-0303-4C32-85FE-CEEC943E276F}.Debug|Any CPU.ActiveCfg = Debug|Any CPU
		{3B569B76-0303-4C32-85FE-CEEC943E276F}.Debug|Any CPU.Build.0 = Debug|Any CPU
		{3B569B76-0303-4C32-85FE-CEEC943E276F}.Release|Any CPU.ActiveCfg = Release|Any CPU
		{3B569B76-0303-4C32-85FE-CEEC943E276F}.Release|Any CPU.Build.0 = Release|Any CPU
		{E2A09ED0-A377-45A2-A0BA-9053F051F26B}.Debug|Any CPU.ActiveCfg = Debug|Any CPU
		{E2A09ED0-A377-45A2-A0BA-9053F051F26B}.Debug|Any CPU.Build.0 = Debug|Any CPU
		{E2A09ED0-A377-45A2-A0BA-9053F051F26B}.Release|Any CPU.ActiveCfg = Release|Any CPU
		{E2A09ED0-A377-45A2-A0BA-9053F051F26B}.Release|Any CPU.Build.0 = Release|Any CPU
		{1CB4AF16-DD48-4FEC-9F55-B44ED2B88D68}.Debug|Any CPU.ActiveCfg = Debug|Any CPU
		{1CB4AF16-DD48-4FEC-9F55-B44ED2B88D68}.Debug|Any CPU.Build.0 = Debug|Any CPU
		{1CB4AF16-DD48-4FEC-9F55-B44ED2B88D68}.Release|Any CPU.ActiveCfg = Release|Any CPU
		{1CB4AF16-DD48-4FEC-9F55-B44ED2B88D68}.Release|Any CPU.Build.0 = Release|Any CPU
	EndGlobalSection
	GlobalSection(SolutionProperties) = preSolution
		HideSolutionNode = FALSE
	EndGlobalSection
	GlobalSection(ExtensibilityGlobals) = postSolution
		SolutionGuid = {F0891040-152F-4F21-80E4-A8837ECC2411}
	EndGlobalSection
EndGlobal
